
Microsoft Visual Studio Solution File, Format Version 12.00
# Visual Studio Version 16
VisualStudioVersion = 16.0.29324.140
MinimumVisualStudioVersion = 10.0.40219.1
Project("{9A19103F-16F7-4668-BE54-9A1E7A4F7556}") = "TestMousePosToTextPointer", "TestMousePosToTextPointer\TestMousePosToTextPointer.csproj", "{437D6C82-683D-44CE-98AE-27B2978AC3F6}"
EndProject
Global
	GlobalSection(SolutionConfigurationPlatforms) = preSolution
		Debug|Any CPU = Debug|Any CPU
		Release|Any CPU = Release|Any CPU
	EndGlobalSection
	GlobalSection(ProjectConfigurationPlatforms) = postSolution
		{437D6C82-683D-44CE-98AE-27B2978AC3F6}.Debug|Any CPU.ActiveCfg = Debug|Any CPU
		{437D6C82-683D-44CE-98AE-27B2978AC3F6}.Debug|Any CPU.Build.0 = Debug|Any CPU
		{437D6C82-683D-44CE-98AE-27B2978AC3F6}.Release|Any CPU.ActiveCfg = Release|Any CPU
		{437D6C82-683D-44CE-98AE-27B2978AC3F6}.Release|Any CPU.Build.0 = Release|Any CPU
	EndGlobalSection
	GlobalSection(SolutionProperties) = preSolution
		HideSolutionNode = FALSE
	EndGlobalSection
	GlobalSection(ExtensibilityGlobals) = postSolution
		SolutionGuid = {C6E7AF5A-176C-4F56-8A0B-FF0F6DDF2F8D}
	EndGlobalSection
EndGlobal
